{
	"name": "chucknorris",
	"version": "0.0.1",
	"lockfileVersion": 1,
	"dependencies": {
		"tcomb": {
			"version": "3.2.21",
			"resolved": "https://registry.npmjs.org/tcomb/-/tcomb-3.2.21.tgz",
			"integrity": "sha1-Nsef4jSRjV4oB5YxN+R2Fmlw/2Y="
		},
		"tcomb-form-native": {
			"version": "0.6.9",
			"resolved": "https://registry.npmjs.org/tcomb-form-native/-/tcomb-form-native-0.6.9.tgz",
			"integrity": "sha1-EqnN9ARyySK1fdtlEhXfzUQsSvU="
		},
		"tcomb-validation": {
			"version": "3.3.0",
			"resolved": "https://registry.npmjs.org/tcomb-validation/-/tcomb-validation-3.3.0.tgz",
			"integrity": "sha1-Ka2oU0IDUA6QskXu3Q4agPGQm6I="
		}
	}
}
